// !$*UTF8*$!
{
	archiveVersion = 1;
	classes = {
	};
	objectVersion = 56;
	objects = {

/* Begin PBXBuildFile section */
		740928CA2A95ACF40076CB9C /* ItemListView.swift in Sources */ = {isa = PBXBuildFile; fileRef = 740928C92A95ACF40076CB9C /* ItemListView.swift */; };
		740928CC2A95AE450076CB9C /* ItemDetailView.swift in Sources */ = {isa = PBXBuildFile; fileRef = 740928CB2A95AE450076CB9C /* ItemDetailView.swift */; };
		740928CF2A95B1660076CB9C /* SearchBarComponent.swift in Sources */ = {isa = PBXBuildFile; fileRef = 740928CE2A95B1660076CB9C /* SearchBarComponent.swift */; };
		A25684BA2A95B52700AFACF5 /* Detail.swift in Sources */ = {isa = PBXBuildFile; fileRef = A25684B92A95B52700AFACF5 /* Detail.swift */; };
		A25684BC2A95BB7600AFACF5 /* PokemonModel.swift in Sources */ = {isa = PBXBuildFile; fileRef = A25684BB2A95BB7600AFACF5 /* PokemonModel.swift */; };
		A25684BE2A95BBAB00AFACF5 /* PokemonViewModel.swift in Sources */ = {isa = PBXBuildFile; fileRef = A25684BD2A95BBAB00AFACF5 /* PokemonViewModel.swift */; };
		A62E092C2A95A6870023FA25 /* NanoNanoApp.swift in Sources */ = {isa = PBXBuildFile; fileRef = A62E092B2A95A6870023FA25 /* NanoNanoApp.swift */; };
		A62E092E2A95A6870023FA25 /* ContentView.swift in Sources */ = {isa = PBXBuildFile; fileRef = A62E092D2A95A6870023FA25 /* ContentView.swift */; };
		A62E09302A95A6880023FA25 /* Assets.xcassets in Resources */ = {isa = PBXBuildFile; fileRef = A62E092F2A95A6880023FA25 /* Assets.xcassets */; };
		A62E09332A95A6880023FA25 /* Preview Assets.xcassets in Resources */ = {isa = PBXBuildFile; fileRef = A62E09322A95A6880023FA25 /* Preview Assets.xcassets */; };
		A62E093D2A95A6880023FA25 /* NanoNanoTests.swift in Sources */ = {isa = PBXBuildFile; fileRef = A62E093C2A95A6880023FA25 /* NanoNanoTests.swift */; };
		A62E09472A95A6880023FA25 /* NanoNanoUITests.swift in Sources */ = {isa = PBXBuildFile; fileRef = A62E09462A95A6880023FA25 /* NanoNanoUITests.swift */; };
		A62E09492A95A6880023FA25 /* NanoNanoUITestsLaunchTests.swift in Sources */ = {isa = PBXBuildFile; fileRef = A62E09482A95A6880023FA25 /* NanoNanoUITestsLaunchTests.swift */; };
		A62E09572A95A6F40023FA25 /* ApiService.swift in Sources */ = {isa = PBXBuildFile; fileRef = A62E09562A95A6F40023FA25 /* ApiService.swift */; };
		A62E095A2A95A7180023FA25 /* ApiProtocol.swift in Sources */ = {isa = PBXBuildFile; fileRef = A62E09592A95A7180023FA25 /* ApiProtocol.swift */; };
		A62E095D2A95A7470023FA25 /* ApiError.swift in Sources */ = {isa = PBXBuildFile; fileRef = A62E095C2A95A7470023FA25 /* ApiError.swift */; };
		A62E095F2A95A78A0023FA25 /* SomethingService.swift in Sources */ = {isa = PBXBuildFile; fileRef = A62E095E2A95A78A0023FA25 /* SomethingService.swift */; };
		A62E09622A95A7C80023FA25 /* ApiResponseModel.swift in Sources */ = {isa = PBXBuildFile; fileRef = A62E09612A95A7C80023FA25 /* ApiResponseModel.swift */; };
/* End PBXBuildFile section */

/* Begin PBXContainerItemProxy section */
		A62E09392A95A6880023FA25 /* PBXContainerItemProxy */ = {
			isa = PBXContainerItemProxy;
			containerPortal = A62E09202A95A6870023FA25 /* Project object */;
			proxyType = 1;
			remoteGlobalIDString = A62E09272A95A6870023FA25;
			remoteInfo = NanoNano;
		};
		A62E09432A95A6880023FA25 /* PBXContainerItemProxy */ = {
			isa = PBXContainerItemProxy;
			containerPortal = A62E09202A95A6870023FA25 /* Project object */;
			proxyType = 1;
			remoteGlobalIDString = A62E09272A95A6870023FA25;
			remoteInfo = NanoNano;
		};
/* End PBXContainerItemProxy section */

/* Begin PBXFileReference section */
		740928C92A95ACF40076CB9C /* ItemListView.swift */ = {isa = PBXFileReference; lastKnownFileType = sourcecode.swift; path = ItemListView.swift; sourceTree = "<group>"; };
		740928CB2A95AE450076CB9C /* ItemDetailView.swift */ = {isa = PBXFileReference; lastKnownFileType = sourcecode.swift; path = ItemDetailView.swift; sourceTree = "<group>"; };
		740928CE2A95B1660076CB9C /* SearchBarComponent.swift */ = {isa = PBXFileReference; lastKnownFileType = sourcecode.swift; path = SearchBarComponent.swift; sourceTree = "<group>"; };
		A25684B92A95B52700AFACF5 /* Detail.swift */ = {isa = PBXFileReference; lastKnownFileType = sourcecode.swift; path = Detail.swift; sourceTree = "<group>"; };
		A25684BB2A95BB7600AFACF5 /* PokemonModel.swift */ = {isa = PBXFileReference; lastKnownFileType = sourcecode.swift; path = PokemonModel.swift; sourceTree = "<group>"; };
		A25684BD2A95BBAB00AFACF5 /* PokemonViewModel.swift */ = {isa = PBXFileReference; lastKnownFileType = sourcecode.swift; path = PokemonViewModel.swift; sourceTree = "<group>"; };
		A62E09282A95A6870023FA25 /* NanoNano.app */ = {isa = PBXFileReference; explicitFileType = wrapper.application; includeInIndex = 0; path = NanoNano.app; sourceTree = BUILT_PRODUCTS_DIR; };
		A62E092B2A95A6870023FA25 /* NanoNanoApp.swift */ = {isa = PBXFileReference; lastKnownFileType = sourcecode.swift; path = NanoNanoApp.swift; sourceTree = "<group>"; };
		A62E092D2A95A6870023FA25 /* ContentView.swift */ = {isa = PBXFileReference; lastKnownFileType = sourcecode.swift; path = ContentView.swift; sourceTree = "<group>"; };
		A62E092F2A95A6880023FA25 /* Assets.xcassets */ = {isa = PBXFileReference; lastKnownFileType = folder.assetcatalog; path = Assets.xcassets; sourceTree = "<group>"; };
		A62E09322A95A6880023FA25 /* Preview Assets.xcassets */ = {isa = PBXFileReference; lastKnownFileType = folder.assetcatalog; path = "Preview Assets.xcassets"; sourceTree = "<group>"; };
		A62E09382A95A6880023FA25 /* NanoNanoTests.xctest */ = {isa = PBXFileReference; explicitFileType = wrapper.cfbundle; includeInIndex = 0; path = NanoNanoTests.xctest; sourceTree = BUILT_PRODUCTS_DIR; };
		A62E093C2A95A6880023FA25 /* NanoNanoTests.swift */ = {isa = PBXFileReference; lastKnownFileType = sourcecode.swift; path = NanoNanoTests.swift; sourceTree = "<group>"; };
		A62E09422A95A6880023FA25 /* NanoNanoUITests.xctest */ = {isa = PBXFileReference; explicitFileType = wrapper.cfbundle; includeInIndex = 0; path = NanoNanoUITests.xctest; sourceTree = BUILT_PRODUCTS_DIR; };
		A62E09462A95A6880023FA25 /* NanoNanoUITests.swift */ = {isa = PBXFileReference; lastKnownFileType = sourcecode.swift; path = NanoNanoUITests.swift; sourceTree = "<group>"; };
		A62E09482A95A6880023FA25 /* NanoNanoUITestsLaunchTests.swift */ = {isa = PBXFileReference; lastKnownFileType = sourcecode.swift; path = NanoNanoUITestsLaunchTests.swift; sourceTree = "<group>"; };
		A62E09562A95A6F40023FA25 /* ApiService.swift */ = {isa = PBXFileReference; lastKnownFileType = sourcecode.swift; path = ApiService.swift; sourceTree = "<group>"; };
		A62E09592A95A7180023FA25 /* ApiProtocol.swift */ = {isa = PBXFileReference; lastKnownFileType = sourcecode.swift; path = ApiProtocol.swift; sourceTree = "<group>"; };
		A62E095C2A95A7470023FA25 /* ApiError.swift */ = {isa = PBXFileReference; lastKnownFileType = sourcecode.swift; path = ApiError.swift; sourceTree = "<group>"; };
		A62E095E2A95A78A0023FA25 /* SomethingService.swift */ = {isa = PBXFileReference; lastKnownFileType = sourcecode.swift; path = SomethingService.swift; sourceTree = "<group>"; };
		A62E09612A95A7C80023FA25 /* ApiResponseModel.swift */ = {isa = PBXFileReference; lastKnownFileType = sourcecode.swift; path = ApiResponseModel.swift; sourceTree = "<group>"; };
/* End PBXFileReference section */

/* Begin PBXFrameworksBuildPhase section */
		A62E09252A95A6870023FA25 /* Frameworks */ = {
			isa = PBXFrameworksBuildPhase;
			buildActionMask = 2147483647;
			files = (
			);
			runOnlyForDeploymentPostprocessing = 0;
		};
		A62E09352A95A6880023FA25 /* Frameworks */ = {
			isa = PBXFrameworksBuildPhase;
			buildActionMask = 2147483647;
			files = (
			);
			runOnlyForDeploymentPostprocessing = 0;
		};
		A62E093F2A95A6880023FA25 /* Frameworks */ = {
			isa = PBXFrameworksBuildPhase;
			buildActionMask = 2147483647;
			files = (
			);
			runOnlyForDeploymentPostprocessing = 0;
		};
/* End PBXFrameworksBuildPhase section */

/* Begin PBXGroup section */
		740928C82A95AC590076CB9C /* Views */ = {
			isa = PBXGroup;
			children = (
				740928C92A95ACF40076CB9C /* ItemListView.swift */,
				740928CB2A95AE450076CB9C /* ItemDetailView.swift */,
			);
			path = Views;
			sourceTree = "<group>";
		};
		740928CD2A95B1540076CB9C /* Components */ = {
			isa = PBXGroup;
			children = (
				740928CE2A95B1660076CB9C /* SearchBarComponent.swift */,
			);
			path = Components;
		A25684BF2A95BBDB00AFACF5 /* ViewModels */ = {
			isa = PBXGroup;
			children = (
				A25684BD2A95BBAB00AFACF5 /* PokemonViewModel.swift */,
			);
			path = ViewModels;
			sourceTree = "<group>";
		};
		A62E091F2A95A6870023FA25 = {
			isa = PBXGroup;
			children = (
				A62E092A2A95A6870023FA25 /* NanoNano */,
				A62E093B2A95A6880023FA25 /* NanoNanoTests */,
				A62E09452A95A6880023FA25 /* NanoNanoUITests */,
				A62E09292A95A6870023FA25 /* Products */,
			);
			sourceTree = "<group>";
		};
		A62E09292A95A6870023FA25 /* Products */ = {
			isa = PBXGroup;
			children = (
				A62E09282A95A6870023FA25 /* NanoNano.app */,
				A62E09382A95A6880023FA25 /* NanoNanoTests.xctest */,
				A62E09422A95A6880023FA25 /* NanoNanoUITests.xctest */,
			);
			name = Products;
			sourceTree = "<group>";
		};
		A62E092A2A95A6870023FA25 /* NanoNano */ = {
			isa = PBXGroup;
			children = (
				740928CD2A95B1540076CB9C /* Components */,
				740928C82A95AC590076CB9C /* Views */,
				A62E09602A95A7B90023FA25 /* Models */,
				A25684BF2A95BBDB00AFACF5 /* ViewModels */,
				A62E095B2A95A73D0023FA25 /* Enums */,
				A62E09582A95A6FD0023FA25 /* Protocols */,
				A62E09552A95A6E70023FA25 /* Services */,
				A62E092B2A95A6870023FA25 /* NanoNanoApp.swift */,
				A62E092D2A95A6870023FA25 /* ContentView.swift */,
				A62E092F2A95A6880023FA25 /* Assets.xcassets */,
				A62E09312A95A6880023FA25 /* Preview Content */,
				A25684B92A95B52700AFACF5 /* Detail.swift */,
			);
			path = NanoNano;
			sourceTree = "<group>";
		};
		A62E09312A95A6880023FA25 /* Preview Content */ = {
			isa = PBXGroup;
			children = (
				A62E09322A95A6880023FA25 /* Preview Assets.xcassets */,
			);
			path = "Preview Content";
			sourceTree = "<group>";
		};
		A62E093B2A95A6880023FA25 /* NanoNanoTests */ = {
			isa = PBXGroup;
			children = (
				A62E093C2A95A6880023FA25 /* NanoNanoTests.swift */,
			);
			path = NanoNanoTests;
			sourceTree = "<group>";
		};
		A62E09452A95A6880023FA25 /* NanoNanoUITests */ = {
			isa = PBXGroup;
			children = (
				A62E09462A95A6880023FA25 /* NanoNanoUITests.swift */,
				A62E09482A95A6880023FA25 /* NanoNanoUITestsLaunchTests.swift */,
			);
			path = NanoNanoUITests;
			sourceTree = "<group>";
		};
		A62E09552A95A6E70023FA25 /* Services */ = {
			isa = PBXGroup;
			children = (
				A62E09562A95A6F40023FA25 /* ApiService.swift */,
				A62E095E2A95A78A0023FA25 /* SomethingService.swift */,
			);
			path = Services;
			sourceTree = "<group>";
		};
		A62E09582A95A6FD0023FA25 /* Protocols */ = {
			isa = PBXGroup;
			children = (
				A62E09592A95A7180023FA25 /* ApiProtocol.swift */,
			);
			path = Protocols;
			sourceTree = "<group>";
		};
		A62E095B2A95A73D0023FA25 /* Enums */ = {
			isa = PBXGroup;
			children = (
				A62E095C2A95A7470023FA25 /* ApiError.swift */,
			);
			path = Enums;
			sourceTree = "<group>";
		};
		A62E09602A95A7B90023FA25 /* Models */ = {
			isa = PBXGroup;
			children = (
				A62E09612A95A7C80023FA25 /* ApiResponseModel.swift */,
				A25684BB2A95BB7600AFACF5 /* PokemonModel.swift */,
			);
			path = Models;
			sourceTree = "<group>";
		};
/* End PBXGroup section */

/* Begin PBXNativeTarget section */
		A62E09272A95A6870023FA25 /* NanoNano */ = {
			isa = PBXNativeTarget;
			buildConfigurationList = A62E094C2A95A6880023FA25 /* Build configuration list for PBXNativeTarget "NanoNano" */;
			buildPhases = (
				A62E09242A95A6870023FA25 /* Sources */,
				A62E09252A95A6870023FA25 /* Frameworks */,
				A62E09262A95A6870023FA25 /* Resources */,
			);
			buildRules = (
			);
			dependencies = (
			);
			name = NanoNano;
			productName = NanoNano;
			productReference = A62E09282A95A6870023FA25 /* NanoNano.app */;
			productType = "com.apple.product-type.application";
		};
		A62E09372A95A6880023FA25 /* NanoNanoTests */ = {
			isa = PBXNativeTarget;
			buildConfigurationList = A62E094F2A95A6880023FA25 /* Build configuration list for PBXNativeTarget "NanoNanoTests" */;
			buildPhases = (
				A62E09342A95A6880023FA25 /* Sources */,
				A62E09352A95A6880023FA25 /* Frameworks */,
				A62E09362A95A6880023FA25 /* Resources */,
			);
			buildRules = (
			);
			dependencies = (
				A62E093A2A95A6880023FA25 /* PBXTargetDependency */,
			);
			name = NanoNanoTests;
			productName = NanoNanoTests;
			productReference = A62E09382A95A6880023FA25 /* NanoNanoTests.xctest */;
			productType = "com.apple.product-type.bundle.unit-test";
		};
		A62E09412A95A6880023FA25 /* NanoNanoUITests */ = {
			isa = PBXNativeTarget;
			buildConfigurationList = A62E09522A95A6880023FA25 /* Build configuration list for PBXNativeTarget "NanoNanoUITests" */;
			buildPhases = (
				A62E093E2A95A6880023FA25 /* Sources */,
				A62E093F2A95A6880023FA25 /* Frameworks */,
				A62E09402A95A6880023FA25 /* Resources */,
			);
			buildRules = (
			);
			dependencies = (
				A62E09442A95A6880023FA25 /* PBXTargetDependency */,
			);
			name = NanoNanoUITests;
			productName = NanoNanoUITests;
			productReference = A62E09422A95A6880023FA25 /* NanoNanoUITests.xctest */;
			productType = "com.apple.product-type.bundle.ui-testing";
		};
/* End PBXNativeTarget section */

/* Begin PBXProject section */
		A62E09202A95A6870023FA25 /* Project object */ = {
			isa = PBXProject;
			attributes = {
				BuildIndependentTargetsInParallel = 1;
				LastSwiftUpdateCheck = 1430;
				LastUpgradeCheck = 1430;
				TargetAttributes = {
					A62E09272A95A6870023FA25 = {
						CreatedOnToolsVersion = 14.3;
					};
					A62E09372A95A6880023FA25 = {
						CreatedOnToolsVersion = 14.3;
						TestTargetID = A62E09272A95A6870023FA25;
					};
					A62E09412A95A6880023FA25 = {
						CreatedOnToolsVersion = 14.3;
						TestTargetID = A62E09272A95A6870023FA25;
					};
				};
			};
			buildConfigurationList = A62E09232A95A6870023FA25 /* Build configuration list for PBXProject "NanoNano" */;
			compatibilityVersion = "Xcode 14.0";
			developmentRegion = en;
			hasScannedForEncodings = 0;
			knownRegions = (
				en,
				Base,
			);
			mainGroup = A62E091F2A95A6870023FA25;
			productRefGroup = A62E09292A95A6870023FA25 /* Products */;
			projectDirPath = "";
			projectRoot = "";
			targets = (
				A62E09272A95A6870023FA25 /* NanoNano */,
				A62E09372A95A6880023FA25 /* NanoNanoTests */,
				A62E09412A95A6880023FA25 /* NanoNanoUITests */,
			);
		};
/* End PBXProject section */

/* Begin PBXResourcesBuildPhase section */
		A62E09262A95A6870023FA25 /* Resources */ = {
			isa = PBXResourcesBuildPhase;
			buildActionMask = 2147483647;
			files = (
				A62E09332A95A6880023FA25 /* Preview Assets.xcassets in Resources */,
				A62E09302A95A6880023FA25 /* Assets.xcassets in Resources */,
			);
			runOnlyForDeploymentPostprocessing = 0;
		};
		A62E09362A95A6880023FA25 /* Resources */ = {
			isa = PBXResourcesBuildPhase;
			buildActionMask = 2147483647;
			files = (
			);
			runOnlyForDeploymentPostprocessing = 0;
		};
		A62E09402A95A6880023FA25 /* Resources */ = {
			isa = PBXResourcesBuildPhase;
			buildActionMask = 2147483647;
			files = (
			);
			runOnlyForDeploymentPostprocessing = 0;
		};
/* End PBXResourcesBuildPhase section */

/* Begin PBXSourcesBuildPhase section */
		A62E09242A95A6870023FA25 /* Sources */ = {
			isa = PBXSourcesBuildPhase;
			buildActionMask = 2147483647;
			files = (
				A62E095A2A95A7180023FA25 /* ApiProtocol.swift in Sources */,
				740928CF2A95B1660076CB9C /* SearchBarComponent.swift in Sources */,
				A62E092E2A95A6870023FA25 /* ContentView.swift in Sources */,
				A25684BA2A95B52700AFACF5 /* Detail.swift in Sources */,
				A62E09622A95A7C80023FA25 /* ApiResponseModel.swift in Sources */,
				740928CC2A95AE450076CB9C /* ItemDetailView.swift in Sources */,
				740928CA2A95ACF40076CB9C /* ItemListView.swift in Sources */,
				A62E095F2A95A78A0023FA25 /* SomethingService.swift in Sources */,
				A62E092C2A95A6870023FA25 /* NanoNanoApp.swift in Sources */,
				A25684BE2A95BBAB00AFACF5 /* PokemonViewModel.swift in Sources */,
				A62E095D2A95A7470023FA25 /* ApiError.swift in Sources */,
				A25684BC2A95BB7600AFACF5 /* PokemonModel.swift in Sources */,
				A62E09572A95A6F40023FA25 /* ApiService.swift in Sources */,
			);
			runOnlyForDeploymentPostprocessing = 0;
		};
		A62E09342A95A6880023FA25 /* Sources */ = {
			isa = PBXSourcesBuildPhase;
			buildActionMask = 2147483647;
			files = (
				A62E093D2A95A6880023FA25 /* NanoNanoTests.swift in Sources */,
			);
			runOnlyForDeploymentPostprocessing = 0;
		};
		A62E093E2A95A6880023FA25 /* Sources */ = {
			isa = PBXSourcesBuildPhase;
			buildActionMask = 2147483647;
			files = (
				A62E09492A95A6880023FA25 /* NanoNanoUITestsLaunchTests.swift in Sources */,
				A62E09472A95A6880023FA25 /* NanoNanoUITests.swift in Sources */,
			);
			runOnlyForDeploymentPostprocessing = 0;
		};
/* End PBXSourcesBuildPhase section */

/* Begin PBXTargetDependency section */
		A62E093A2A95A6880023FA25 /* PBXTargetDependency */ = {
			isa = PBXTargetDependency;
			target = A62E09272A95A6870023FA25 /* NanoNano */;
			targetProxy = A62E09392A95A6880023FA25 /* PBXContainerItemProxy */;
		};
		A62E09442A95A6880023FA25 /* PBXTargetDependency */ = {
			isa = PBXTargetDependency;
			target = A62E09272A95A6870023FA25 /* NanoNano */;
			targetProxy = A62E09432A95A6880023FA25 /* PBXContainerItemProxy */;
		};
/* End PBXTargetDependency section */

/* Begin XCBuildConfiguration section */
		A62E094A2A95A6880023FA25 /* Debug */ = {
			isa = XCBuildConfiguration;
			buildSettings = {
				ALWAYS_SEARCH_USER_PATHS = NO;
				CLANG_ANALYZER_NONNULL = YES;
				CLANG_ANALYZER_NUMBER_OBJECT_CONVERSION = YES_AGGRESSIVE;
				CLANG_CXX_LANGUAGE_STANDARD = "gnu++20";
				CLANG_ENABLE_MODULES = YES;
				CLANG_ENABLE_OBJC_ARC = YES;
				CLANG_ENABLE_OBJC_WEAK = YES;
				CLANG_WARN_BLOCK_CAPTURE_AUTORELEASING = YES;
				CLANG_WARN_BOOL_CONVERSION = YES;
				CLANG_WARN_COMMA = YES;
				CLANG_WARN_CONSTANT_CONVERSION = YES;
				CLANG_WARN_DEPRECATED_OBJC_IMPLEMENTATIONS = YES;
				CLANG_WARN_DIRECT_OBJC_ISA_USAGE = YES_ERROR;
				CLANG_WARN_DOCUMENTATION_COMMENTS = YES;
				CLANG_WARN_EMPTY_BODY = YES;
				CLANG_WARN_ENUM_CONVERSION = YES;
				CLANG_WARN_INFINITE_RECURSION = YES;
				CLANG_WARN_INT_CONVERSION = YES;
				CLANG_WARN_NON_LITERAL_NULL_CONVERSION = YES;
				CLANG_WARN_OBJC_IMPLICIT_RETAIN_SELF = YES;
				CLANG_WARN_OBJC_LITERAL_CONVERSION = YES;
				CLANG_WARN_OBJC_ROOT_CLASS = YES_ERROR;
				CLANG_WARN_QUOTED_INCLUDE_IN_FRAMEWORK_HEADER = YES;
				CLANG_WARN_RANGE_LOOP_ANALYSIS = YES;
				CLANG_WARN_STRICT_PROTOTYPES = YES;
				CLANG_WARN_SUSPICIOUS_MOVE = YES;
				CLANG_WARN_UNGUARDED_AVAILABILITY = YES_AGGRESSIVE;
				CLANG_WARN_UNREACHABLE_CODE = YES;
				CLANG_WARN__DUPLICATE_METHOD_MATCH = YES;
				COPY_PHASE_STRIP = NO;
				DEBUG_INFORMATION_FORMAT = dwarf;
				ENABLE_STRICT_OBJC_MSGSEND = YES;
				ENABLE_TESTABILITY = YES;
				GCC_C_LANGUAGE_STANDARD = gnu11;
				GCC_DYNAMIC_NO_PIC = NO;
				GCC_NO_COMMON_BLOCKS = YES;
				GCC_OPTIMIZATION_LEVEL = 0;
				GCC_PREPROCESSOR_DEFINITIONS = (
					"DEBUG=1",
					"$(inherited)",
				);
				GCC_WARN_64_TO_32_BIT_CONVERSION = YES;
				GCC_WARN_ABOUT_RETURN_TYPE = YES_ERROR;
				GCC_WARN_UNDECLARED_SELECTOR = YES;
				GCC_WARN_UNINITIALIZED_AUTOS = YES_AGGRESSIVE;
				GCC_WARN_UNUSED_FUNCTION = YES;
				GCC_WARN_UNUSED_VARIABLE = YES;
				IPHONEOS_DEPLOYMENT_TARGET = 16.4;
				MTL_ENABLE_DEBUG_INFO = INCLUDE_SOURCE;
				MTL_FAST_MATH = YES;
				ONLY_ACTIVE_ARCH = YES;
				SDKROOT = iphoneos;
				SWIFT_ACTIVE_COMPILATION_CONDITIONS = DEBUG;
				SWIFT_OPTIMIZATION_LEVEL = "-Onone";
			};
			name = Debug;
		};
		A62E094B2A95A6880023FA25 /* Release */ = {
			isa = XCBuildConfiguration;
			buildSettings = {
				ALWAYS_SEARCH_USER_PATHS = NO;
				CLANG_ANALYZER_NONNULL = YES;
				CLANG_ANALYZER_NUMBER_OBJECT_CONVERSION = YES_AGGRESSIVE;
				CLANG_CXX_LANGUAGE_STANDARD = "gnu++20";
				CLANG_ENABLE_MODULES = YES;
				CLANG_ENABLE_OBJC_ARC = YES;
				CLANG_ENABLE_OBJC_WEAK = YES;
				CLANG_WARN_BLOCK_CAPTURE_AUTORELEASING = YES;
				CLANG_WARN_BOOL_CONVERSION = YES;
				CLANG_WARN_COMMA = YES;
				CLANG_WARN_CONSTANT_CONVERSION = YES;
				CLANG_WARN_DEPRECATED_OBJC_IMPLEMENTATIONS = YES;
				CLANG_WARN_DIRECT_OBJC_ISA_USAGE = YES_ERROR;
				CLANG_WARN_DOCUMENTATION_COMMENTS = YES;
				CLANG_WARN_EMPTY_BODY = YES;
				CLANG_WARN_ENUM_CONVERSION = YES;
				CLANG_WARN_INFINITE_RECURSION = YES;
				CLANG_WARN_INT_CONVERSION = YES;
				CLANG_WARN_NON_LITERAL_NULL_CONVERSION = YES;
				CLANG_WARN_OBJC_IMPLICIT_RETAIN_SELF = YES;
				CLANG_WARN_OBJC_LITERAL_CONVERSION = YES;
				CLANG_WARN_OBJC_ROOT_CLASS = YES_ERROR;
				CLANG_WARN_QUOTED_INCLUDE_IN_FRAMEWORK_HEADER = YES;
				CLANG_WARN_RANGE_LOOP_ANALYSIS = YES;
				CLANG_WARN_STRICT_PROTOTYPES = YES;
				CLANG_WARN_SUSPICIOUS_MOVE = YES;
				CLANG_WARN_UNGUARDED_AVAILABILITY = YES_AGGRESSIVE;
				CLANG_WARN_UNREACHABLE_CODE = YES;
				CLANG_WARN__DUPLICATE_METHOD_MATCH = YES;
				COPY_PHASE_STRIP = NO;
				DEBUG_INFORMATION_FORMAT = "dwarf-with-dsym";
				ENABLE_NS_ASSERTIONS = NO;
				ENABLE_STRICT_OBJC_MSGSEND = YES;
				GCC_C_LANGUAGE_STANDARD = gnu11;
				GCC_NO_COMMON_BLOCKS = YES;
				GCC_WARN_64_TO_32_BIT_CONVERSION = YES;
				GCC_WARN_ABOUT_RETURN_TYPE = YES_ERROR;
				GCC_WARN_UNDECLARED_SELECTOR = YES;
				GCC_WARN_UNINITIALIZED_AUTOS = YES_AGGRESSIVE;
				GCC_WARN_UNUSED_FUNCTION = YES;
				GCC_WARN_UNUSED_VARIABLE = YES;
				IPHONEOS_DEPLOYMENT_TARGET = 16.4;
				MTL_ENABLE_DEBUG_INFO = NO;
				MTL_FAST_MATH = YES;
				SDKROOT = iphoneos;
				SWIFT_COMPILATION_MODE = wholemodule;
				SWIFT_OPTIMIZATION_LEVEL = "-O";
				VALIDATE_PRODUCT = YES;
			};
			name = Release;
		};
		A62E094D2A95A6880023FA25 /* Debug */ = {
			isa = XCBuildConfiguration;
			buildSettings = {
				ASSETCATALOG_COMPILER_APPICON_NAME = AppIcon;
				ASSETCATALOG_COMPILER_GLOBAL_ACCENT_COLOR_NAME = AccentColor;
				CODE_SIGN_STYLE = Automatic;
				CURRENT_PROJECT_VERSION = 1;
				DEVELOPMENT_ASSET_PATHS = "\"NanoNano/Preview Content\"";
				DEVELOPMENT_TEAM = 5LSQ3C9W8U;
				ENABLE_PREVIEWS = YES;
				GENERATE_INFOPLIST_FILE = YES;
				INFOPLIST_KEY_UIApplicationSceneManifest_Generation = YES;
				INFOPLIST_KEY_UIApplicationSupportsIndirectInputEvents = YES;
				INFOPLIST_KEY_UILaunchScreen_Generation = YES;
				INFOPLIST_KEY_UISupportedInterfaceOrientations_iPad = "UIInterfaceOrientationPortrait UIInterfaceOrientationPortraitUpsideDown UIInterfaceOrientationLandscapeLeft UIInterfaceOrientationLandscapeRight";
				INFOPLIST_KEY_UISupportedInterfaceOrientations_iPhone = "UIInterfaceOrientationPortrait UIInterfaceOrientationLandscapeLeft UIInterfaceOrientationLandscapeRight";
				LD_RUNPATH_SEARCH_PATHS = (
					"$(inherited)",
					"@executable_path/Frameworks",
				);
				MARKETING_VERSION = 1.0;
				PRODUCT_BUNDLE_IDENTIFIER = com.mrezkys.NanoNano;
				PRODUCT_NAME = "$(TARGET_NAME)";
				SWIFT_EMIT_LOC_STRINGS = YES;
				SWIFT_VERSION = 5.0;
				TARGETED_DEVICE_FAMILY = "1,2";
			};
			name = Debug;
		};
		A62E094E2A95A6880023FA25 /* Release */ = {
			isa = XCBuildConfiguration;
			buildSettings = {
				ASSETCATALOG_COMPILER_APPICON_NAME = AppIcon;
				ASSETCATALOG_COMPILER_GLOBAL_ACCENT_COLOR_NAME = AccentColor;
				CODE_SIGN_STYLE = Automatic;
				CURRENT_PROJECT_VERSION = 1;
				DEVELOPMENT_ASSET_PATHS = "\"NanoNano/Preview Content\"";
				DEVELOPMENT_TEAM = 5LSQ3C9W8U;
				ENABLE_PREVIEWS = YES;
				GENERATE_INFOPLIST_FILE = YES;
				INFOPLIST_KEY_UIApplicationSceneManifest_Generation = YES;
				INFOPLIST_KEY_UIApplicationSupportsIndirectInputEvents = YES;
				INFOPLIST_KEY_UILaunchScreen_Generation = YES;
				INFOPLIST_KEY_UISupportedInterfaceOrientations_iPad = "UIInterfaceOrientationPortrait UIInterfaceOrientationPortraitUpsideDown UIInterfaceOrientationLandscapeLeft UIInterfaceOrientationLandscapeRight";
				INFOPLIST_KEY_UISupportedInterfaceOrientations_iPhone = "UIInterfaceOrientationPortrait UIInterfaceOrientationLandscapeLeft UIInterfaceOrientationLandscapeRight";
				LD_RUNPATH_SEARCH_PATHS = (
					"$(inherited)",
					"@executable_path/Frameworks",
				);
				MARKETING_VERSION = 1.0;
				PRODUCT_BUNDLE_IDENTIFIER = com.mrezkys.NanoNano;
				PRODUCT_NAME = "$(TARGET_NAME)";
				SWIFT_EMIT_LOC_STRINGS = YES;
				SWIFT_VERSION = 5.0;
				TARGETED_DEVICE_FAMILY = "1,2";
			};
			name = Release;
		};
		A62E09502A95A6880023FA25 /* Debug */ = {
			isa = XCBuildConfiguration;
			buildSettings = {
				ALWAYS_EMBED_SWIFT_STANDARD_LIBRARIES = YES;
				BUNDLE_LOADER = "$(TEST_HOST)";
				CODE_SIGN_STYLE = Automatic;
				CURRENT_PROJECT_VERSION = 1;
				DEVELOPMENT_TEAM = 5LSQ3C9W8U;
				GENERATE_INFOPLIST_FILE = YES;
				IPHONEOS_DEPLOYMENT_TARGET = 16.4;
				MARKETING_VERSION = 1.0;
				PRODUCT_BUNDLE_IDENTIFIER = com.mrezkys.NanoNanoTests;
				PRODUCT_NAME = "$(TARGET_NAME)";
				SWIFT_EMIT_LOC_STRINGS = NO;
				SWIFT_VERSION = 5.0;
				TARGETED_DEVICE_FAMILY = "1,2";
				TEST_HOST = "$(BUILT_PRODUCTS_DIR)/NanoNano.app/$(BUNDLE_EXECUTABLE_FOLDER_PATH)/NanoNano";
			};
			name = Debug;
		};
		A62E09512A95A6880023FA25 /* Release */ = {
			isa = XCBuildConfiguration;
			buildSettings = {
				ALWAYS_EMBED_SWIFT_STANDARD_LIBRARIES = YES;
				BUNDLE_LOADER = "$(TEST_HOST)";
				CODE_SIGN_STYLE = Automatic;
				CURRENT_PROJECT_VERSION = 1;
				DEVELOPMENT_TEAM = 5LSQ3C9W8U;
				GENERATE_INFOPLIST_FILE = YES;
				IPHONEOS_DEPLOYMENT_TARGET = 16.4;
				MARKETING_VERSION = 1.0;
				PRODUCT_BUNDLE_IDENTIFIER = com.mrezkys.NanoNanoTests;
				PRODUCT_NAME = "$(TARGET_NAME)";
				SWIFT_EMIT_LOC_STRINGS = NO;
				SWIFT_VERSION = 5.0;
				TARGETED_DEVICE_FAMILY = "1,2";
				TEST_HOST = "$(BUILT_PRODUCTS_DIR)/NanoNano.app/$(BUNDLE_EXECUTABLE_FOLDER_PATH)/NanoNano";
			};
			name = Release;
		};
		A62E09532A95A6880023FA25 /* Debug */ = {
			isa = XCBuildConfiguration;
			buildSettings = {
				ALWAYS_EMBED_SWIFT_STANDARD_LIBRARIES = YES;
				CODE_SIGN_STYLE = Automatic;
				CURRENT_PROJECT_VERSION = 1;
				DEVELOPMENT_TEAM = 5LSQ3C9W8U;
				GENERATE_INFOPLIST_FILE = YES;
				MARKETING_VERSION = 1.0;
				PRODUCT_BUNDLE_IDENTIFIER = com.mrezkys.NanoNanoUITests;
				PRODUCT_NAME = "$(TARGET_NAME)";
				SWIFT_EMIT_LOC_STRINGS = NO;
				SWIFT_VERSION = 5.0;
				TARGETED_DEVICE_FAMILY = "1,2";
				TEST_TARGET_NAME = NanoNano;
			};
			name = Debug;
		};
		A62E09542A95A6880023FA25 /* Release */ = {
			isa = XCBuildConfiguration;
			buildSettings = {
				ALWAYS_EMBED_SWIFT_STANDARD_LIBRARIES = YES;
				CODE_SIGN_STYLE = Automatic;
				CURRENT_PROJECT_VERSION = 1;
				DEVELOPMENT_TEAM = 5LSQ3C9W8U;
				GENERATE_INFOPLIST_FILE = YES;
				MARKETING_VERSION = 1.0;
				PRODUCT_BUNDLE_IDENTIFIER = com.mrezkys.NanoNanoUITests;
				PRODUCT_NAME = "$(TARGET_NAME)";
				SWIFT_EMIT_LOC_STRINGS = NO;
				SWIFT_VERSION = 5.0;
				TARGETED_DEVICE_FAMILY = "1,2";
				TEST_TARGET_NAME = NanoNano;
			};
			name = Release;
		};
/* End XCBuildConfiguration section */

/* Begin XCConfigurationList section */
		A62E09232A95A6870023FA25 /* Build configuration list for PBXProject "NanoNano" */ = {
			isa = XCConfigurationList;
			buildConfigurations = (
				A62E094A2A95A6880023FA25 /* Debug */,
				A62E094B2A95A6880023FA25 /* Release */,
			);
			defaultConfigurationIsVisible = 0;
			defaultConfigurationName = Release;
		};
		A62E094C2A95A6880023FA25 /* Build configuration list for PBXNativeTarget "NanoNano" */ = {
			isa = XCConfigurationList;
			buildConfigurations = (
				A62E094D2A95A6880023FA25 /* Debug */,
				A62E094E2A95A6880023FA25 /* Release */,
			);
			defaultConfigurationIsVisible = 0;
			defaultConfigurationName = Release;
		};
		A62E094F2A95A6880023FA25 /* Build configuration list for PBXNativeTarget "NanoNanoTests" */ = {
			isa = XCConfigurationList;
			buildConfigurations = (
				A62E09502A95A6880023FA25 /* Debug */,
				A62E09512A95A6880023FA25 /* Release */,
			);
			defaultConfigurationIsVisible = 0;
			defaultConfigurationName = Release;
		};
		A62E09522A95A6880023FA25 /* Build configuration list for PBXNativeTarget "NanoNanoUITests" */ = {
			isa = XCConfigurationList;
			buildConfigurations = (
				A62E09532A95A6880023FA25 /* Debug */,
				A62E09542A95A6880023FA25 /* Release */,
			);
			defaultConfigurationIsVisible = 0;
			defaultConfigurationName = Release;
		};
/* End XCConfigurationList section */
	};
	rootObject = A62E09202A95A6870023FA25 /* Project object */;
}
